// !$*UTF8*$!
{
	archiveVersion = 1;
	classes = {
	};
	objectVersion = 50;
	objects = {

/* Begin PBXBuildFile section */
		C6226245262AB661000030D7 /* AppDelegate.swift in Sources */ = {isa = PBXBuildFile; fileRef = C6226244262AB661000030D7 /* AppDelegate.swift */; };
		C6226247262AB661000030D7 /* SceneDelegate.swift in Sources */ = {isa = PBXBuildFile; fileRef = C6226246262AB661000030D7 /* SceneDelegate.swift */; };
		C6226249262AB661000030D7 /* ViewController.swift in Sources */ = {isa = PBXBuildFile; fileRef = C6226248262AB661000030D7 /* ViewController.swift */; };
		C622624C262AB661000030D7 /* Main.storyboard in Resources */ = {isa = PBXBuildFile; fileRef = C622624A262AB661000030D7 /* Main.storyboard */; };
		C622624E262AB662000030D7 /* Assets.xcassets in Resources */ = {isa = PBXBuildFile; fileRef = C622624D262AB662000030D7 /* Assets.xcassets */; };
		C6226251262AB662000030D7 /* LaunchScreen.storyboard in Resources */ = {isa = PBXBuildFile; fileRef = C622624F262AB662000030D7 /* LaunchScreen.storyboard */; };
		C622625B262AB705000030D7 /* UserModel.swift in Sources */ = {isa = PBXBuildFile; fileRef = C622625A262AB705000030D7 /* UserModel.swift */; };
		C63F10E7262AC18C005AE87F /* Lato-Bold.ttf in Resources */ = {isa = PBXBuildFile; fileRef = C63F10DC262AC18C005AE87F /* Lato-Bold.ttf */; };
		C63F10EB262AC18C005AE87F /* Lato-Regular.ttf in Resources */ = {isa = PBXBuildFile; fileRef = C63F10E0262AC18C005AE87F /* Lato-Regular.ttf */; };
		C63F10FC262AC696005AE87F /* Merriweather-Regular.ttf in Resources */ = {isa = PBXBuildFile; fileRef = C63F10F3262AC696005AE87F /* Merriweather-Regular.ttf */; };
		C63F10FE262AC696005AE87F /* Merriweather-Bold.ttf in Resources */ = {isa = PBXBuildFile; fileRef = C63F10F5262AC696005AE87F /* Merriweather-Bold.ttf */; };
		C63F1106262ACF76005AE87F /* Roboto-Regular.ttf in Resources */ = {isa = PBXBuildFile; fileRef = C63F1105262ACF76005AE87F /* Roboto-Regular.ttf */; };
		C63F110F262AD0AF005AE87F /* BottomBarView.swift in Sources */ = {isa = PBXBuildFile; fileRef = C63F110E262AD0AF005AE87F /* BottomBarView.swift */; };
		C63F1116262AD146005AE87F /* BottomBarStoryboard.storyboard in Resources */ = {isa = PBXBuildFile; fileRef = C63F1115262AD146005AE87F /* BottomBarStoryboard.storyboard */; };
		C63F1119262AFB84005AE87F /* Helper.swift in Sources */ = {isa = PBXBuildFile; fileRef = C63F1118262AFB84005AE87F /* Helper.swift */; };
		C63F111D262B1AAD005AE87F /* Roboto-Bold.ttf in Resources */ = {isa = PBXBuildFile; fileRef = C63F111C262B1AAD005AE87F /* Roboto-Bold.ttf */; };
		C63F1120262B203D005AE87F /* SignupStoryboard.storyboard in Resources */ = {isa = PBXBuildFile; fileRef = C63F111F262B203D005AE87F /* SignupStoryboard.storyboard */; };
		C63F1124262B42AA005AE87F /* SignupTableViewCell.swift in Sources */ = {isa = PBXBuildFile; fileRef = C63F1122262B42AA005AE87F /* SignupTableViewCell.swift */; };
		C63F1125262B42AA005AE87F /* SignupTableViewCell.xib in Resources */ = {isa = PBXBuildFile; fileRef = C63F1123262B42AA005AE87F /* SignupTableViewCell.xib */; };
		C63F1128262B42F8005AE87F /* SignupViewController.swift in Sources */ = {isa = PBXBuildFile; fileRef = C63F1127262B42F8005AE87F /* SignupViewController.swift */; };
		C63F112B262B4D10005AE87F /* AccountInfoEntryTypeModel.swift in Sources */ = {isa = PBXBuildFile; fileRef = C63F112A262B4D10005AE87F /* AccountInfoEntryTypeModel.swift */; };
		C63F1132262B8220005AE87F /* BottomBarBaseViewController.swift in Sources */ = {isa = PBXBuildFile; fileRef = C63F1131262B8220005AE87F /* BottomBarBaseViewController.swift */; };
		C63F1135262B91BD005AE87F /* PassValidationCollectionViewController.swift in Sources */ = {isa = PBXBuildFile; fileRef = C63F1134262B91BD005AE87F /* PassValidationCollectionViewController.swift */; };
		C63F1139262B9200005AE87F /* ValidationCollectionViewCell.swift in Sources */ = {isa = PBXBuildFile; fileRef = C63F1137262B9200005AE87F /* ValidationCollectionViewCell.swift */; };
		C63F113A262B9200005AE87F /* ValidationCollectionViewCell.xib in Resources */ = {isa = PBXBuildFile; fileRef = C63F1138262B9200005AE87F /* ValidationCollectionViewCell.xib */; };
		C63F113D262B95CD005AE87F /* PassValidationStoryBoard.storyboard in Resources */ = {isa = PBXBuildFile; fileRef = C63F113C262B95CD005AE87F /* PassValidationStoryBoard.storyboard */; };
		C63F1140262BA59F005AE87F /* LoginStoryboard.storyboard in Resources */ = {isa = PBXBuildFile; fileRef = C63F113F262BA59F005AE87F /* LoginStoryboard.storyboard */; };
		C63F1143262BAA81005AE87F /* LoginTableViewCell.xib in Resources */ = {isa = PBXBuildFile; fileRef = C63F1142262BAA81005AE87F /* LoginTableViewCell.xib */; };
		C63F1146262BB059005AE87F /* LoginViewController.swift in Sources */ = {isa = PBXBuildFile; fileRef = C63F1145262BB059005AE87F /* LoginViewController.swift */; };
		C63F114C262BC29F005AE87F /* GUIManager.swift in Sources */ = {isa = PBXBuildFile; fileRef = C63F114B262BC29F005AE87F /* GUIManager.swift */; };
		C63F1150262BC678005AE87F /* DataManager.swift in Sources */ = {isa = PBXBuildFile; fileRef = C63F114F262BC678005AE87F /* DataManager.swift */; };
		C63F1153262BCFB3005AE87F /* ValidationModel.swift in Sources */ = {isa = PBXBuildFile; fileRef = C63F1152262BCFB3005AE87F /* ValidationModel.swift */; };
/* End PBXBuildFile section */

/* Begin PBXFileReference section */
		C6226241262AB661000030D7 /* Alphametrica.app */ = {isa = PBXFileReference; explicitFileType = wrapper.application; includeInIndex = 0; path = Alphametrica.app; sourceTree = BUILT_PRODUCTS_DIR; };
		C6226244262AB661000030D7 /* AppDelegate.swift */ = {isa = PBXFileReference; lastKnownFileType = sourcecode.swift; path = AppDelegate.swift; sourceTree = "<group>"; };
		C6226246262AB661000030D7 /* SceneDelegate.swift */ = {isa = PBXFileReference; lastKnownFileType = sourcecode.swift; path = SceneDelegate.swift; sourceTree = "<group>"; };
		C6226248262AB661000030D7 /* ViewController.swift */ = {isa = PBXFileReference; lastKnownFileType = sourcecode.swift; path = ViewController.swift; sourceTree = "<group>"; };
		C622624B262AB661000030D7 /* Base */ = {isa = PBXFileReference; lastKnownFileType = file.storyboard; name = Base; path = Base.lproj/Main.storyboard; sourceTree = "<group>"; };
		C622624D262AB662000030D7 /* Assets.xcassets */ = {isa = PBXFileReference; lastKnownFileType = folder.assetcatalog; path = Assets.xcassets; sourceTree = "<group>"; };
		C6226250262AB662000030D7 /* Base */ = {isa = PBXFileReference; lastKnownFileType = file.storyboard; name = Base; path = Base.lproj/LaunchScreen.storyboard; sourceTree = "<group>"; };
		C6226252262AB662000030D7 /* Info.plist */ = {isa = PBXFileReference; lastKnownFileType = text.plist.xml; path = Info.plist; sourceTree = "<group>"; };
		C622625A262AB705000030D7 /* UserModel.swift */ = {isa = PBXFileReference; lastKnownFileType = sourcecode.swift; path = UserModel.swift; sourceTree = "<group>"; };
		C63F10DC262AC18C005AE87F /* Lato-Bold.ttf */ = {isa = PBXFileReference; lastKnownFileType = file; path = "Lato-Bold.ttf"; sourceTree = "<group>"; };
		C63F10E0262AC18C005AE87F /* Lato-Regular.ttf */ = {isa = PBXFileReference; lastKnownFileType = file; path = "Lato-Regular.ttf"; sourceTree = "<group>"; };
		C63F10F3262AC696005AE87F /* Merriweather-Regular.ttf */ = {isa = PBXFileReference; lastKnownFileType = file; path = "Merriweather-Regular.ttf"; sourceTree = "<group>"; };
		C63F10F5262AC696005AE87F /* Merriweather-Bold.ttf */ = {isa = PBXFileReference; lastKnownFileType = file; path = "Merriweather-Bold.ttf"; sourceTree = "<group>"; };
		C63F1105262ACF76005AE87F /* Roboto-Regular.ttf */ = {isa = PBXFileReference; lastKnownFileType = file; path = "Roboto-Regular.ttf"; sourceTree = "<group>"; };
		C63F110E262AD0AF005AE87F /* BottomBarView.swift */ = {isa = PBXFileReference; lastKnownFileType = sourcecode.swift; path = BottomBarView.swift; sourceTree = "<group>"; };
		C63F1115262AD146005AE87F /* BottomBarStoryboard.storyboard */ = {isa = PBXFileReference; lastKnownFileType = file.storyboard; path = BottomBarStoryboard.storyboard; sourceTree = "<group>"; };
		C63F1118262AFB84005AE87F /* Helper.swift */ = {isa = PBXFileReference; lastKnownFileType = sourcecode.swift; path = Helper.swift; sourceTree = "<group>"; };
		C63F111C262B1AAD005AE87F /* Roboto-Bold.ttf */ = {isa = PBXFileReference; lastKnownFileType = file; path = "Roboto-Bold.ttf"; sourceTree = "<group>"; };
		C63F111F262B203D005AE87F /* SignupStoryboard.storyboard */ = {isa = PBXFileReference; lastKnownFileType = file.storyboard; path = SignupStoryboard.storyboard; sourceTree = "<group>"; };
		C63F1122262B42AA005AE87F /* SignupTableViewCell.swift */ = {isa = PBXFileReference; lastKnownFileType = sourcecode.swift; path = SignupTableViewCell.swift; sourceTree = "<group>"; };
		C63F1123262B42AA005AE87F /* SignupTableViewCell.xib */ = {isa = PBXFileReference; lastKnownFileType = file.xib; path = SignupTableViewCell.xib; sourceTree = "<group>"; };
		C63F1127262B42F8005AE87F /* SignupViewController.swift */ = {isa = PBXFileReference; lastKnownFileType = sourcecode.swift; path = SignupViewController.swift; sourceTree = "<group>"; };
		C63F112A262B4D10005AE87F /* AccountInfoEntryTypeModel.swift */ = {isa = PBXFileReference; lastKnownFileType = sourcecode.swift; path = AccountInfoEntryTypeModel.swift; sourceTree = "<group>"; };
		C63F1131262B8220005AE87F /* BottomBarBaseViewController.swift */ = {isa = PBXFileReference; lastKnownFileType = sourcecode.swift; path = BottomBarBaseViewController.swift; sourceTree = "<group>"; };
		C63F1134262B91BD005AE87F /* PassValidationCollectionViewController.swift */ = {isa = PBXFileReference; lastKnownFileType = sourcecode.swift; path = PassValidationCollectionViewController.swift; sourceTree = "<group>"; };
		C63F1137262B9200005AE87F /* ValidationCollectionViewCell.swift */ = {isa = PBXFileReference; lastKnownFileType = sourcecode.swift; path = ValidationCollectionViewCell.swift; sourceTree = "<group>"; };
		C63F1138262B9200005AE87F /* ValidationCollectionViewCell.xib */ = {isa = PBXFileReference; lastKnownFileType = file.xib; path = ValidationCollectionViewCell.xib; sourceTree = "<group>"; };
		C63F113C262B95CD005AE87F /* PassValidationStoryBoard.storyboard */ = {isa = PBXFileReference; lastKnownFileType = file.storyboard; path = PassValidationStoryBoard.storyboard; sourceTree = "<group>"; };
		C63F113F262BA59F005AE87F /* LoginStoryboard.storyboard */ = {isa = PBXFileReference; lastKnownFileType = file.storyboard; path = LoginStoryboard.storyboard; sourceTree = "<group>"; };
		C63F1142262BAA81005AE87F /* LoginTableViewCell.xib */ = {isa = PBXFileReference; lastKnownFileType = file.xib; path = LoginTableViewCell.xib; sourceTree = "<group>"; };
		C63F1145262BB059005AE87F /* LoginViewController.swift */ = {isa = PBXFileReference; lastKnownFileType = sourcecode.swift; path = LoginViewController.swift; sourceTree = "<group>"; };
		C63F114B262BC29F005AE87F /* GUIManager.swift */ = {isa = PBXFileReference; lastKnownFileType = sourcecode.swift; path = GUIManager.swift; sourceTree = "<group>"; };
		C63F114F262BC678005AE87F /* DataManager.swift */ = {isa = PBXFileReference; lastKnownFileType = sourcecode.swift; path = DataManager.swift; sourceTree = "<group>"; };
		C63F1152262BCFB3005AE87F /* ValidationModel.swift */ = {isa = PBXFileReference; lastKnownFileType = sourcecode.swift; path = ValidationModel.swift; sourceTree = "<group>"; };
/* End PBXFileReference section */

/* Begin PBXFrameworksBuildPhase section */
		C622623E262AB661000030D7 /* Frameworks */ = {
			isa = PBXFrameworksBuildPhase;
			buildActionMask = 2147483647;
			files = (
			);
			runOnlyForDeploymentPostprocessing = 0;
		};
/* End PBXFrameworksBuildPhase section */

/* Begin PBXGroup section */
		C6226238262AB661000030D7 = {
			isa = PBXGroup;
			children = (
				C6226243262AB661000030D7 /* Alphametrica */,
				C6226242262AB661000030D7 /* Products */,
			);
			sourceTree = "<group>";
		};
		C6226242262AB661000030D7 /* Products */ = {
			isa = PBXGroup;
			children = (
				C6226241262AB661000030D7 /* Alphametrica.app */,
			);
			name = Products;
			sourceTree = "<group>";
		};
		C6226243262AB661000030D7 /* Alphametrica */ = {
			isa = PBXGroup;
			children = (
				C63F1162262BF1ED005AE87F /* Global */,
				C63F115C262BEFED005AE87F /* Models */,
				C63F1148262BC18D005AE87F /* Views */,
				C63F10D3262AC038005AE87F /* Fonts */,
				C6226244262AB661000030D7 /* AppDelegate.swift */,
				C6226246262AB661000030D7 /* SceneDelegate.swift */,
				C622624D262AB662000030D7 /* Assets.xcassets */,
				C6226252262AB662000030D7 /* Info.plist */,
			);
			path = Alphametrica;
			sourceTree = "<group>";
		};
		C63F10D3262AC038005AE87F /* Fonts */ = {
			isa = PBXGroup;
			children = (
				C63F1104262ACF3E005AE87F /* Roboto */,
				C63F10F0262AC67A005AE87F /* Merriweather */,
				C63F10D8262AC167005AE87F /* Lato */,
			);
			path = Fonts;
			sourceTree = "<group>";
		};
		C63F10D8262AC167005AE87F /* Lato */ = {
			isa = PBXGroup;
			children = (
				C63F10DC262AC18C005AE87F /* Lato-Bold.ttf */,
				C63F10E0262AC18C005AE87F /* Lato-Regular.ttf */,
			);
			path = Lato;
			sourceTree = "<group>";
		};
		C63F10F0262AC67A005AE87F /* Merriweather */ = {
			isa = PBXGroup;
			children = (
				C63F10F5262AC696005AE87F /* Merriweather-Bold.ttf */,
				C63F10F3262AC696005AE87F /* Merriweather-Regular.ttf */,
			);
			path = Merriweather;
			sourceTree = "<group>";
		};
		C63F1104262ACF3E005AE87F /* Roboto */ = {
			isa = PBXGroup;
			children = (
				C63F111C262B1AAD005AE87F /* Roboto-Bold.ttf */,
				C63F1105262ACF76005AE87F /* Roboto-Regular.ttf */,
			);
			path = Roboto;
			sourceTree = "<group>";
		};
		C63F1148262BC18D005AE87F /* Views */ = {
			isa = PBXGroup;
			children = (
				C63F115E262BF167005AE87F /* Controllers */,
				C63F114A262BC214005AE87F /* Custom Views */,
				C63F1149262BC1BC005AE87F /* Storyboards */,
			);
			path = Views;
			sourceTree = "<group>";
		};
		C63F1149262BC1BC005AE87F /* Storyboards */ = {
			isa = PBXGroup;
			children = (
				C622624A262AB661000030D7 /* Main.storyboard */,
				C63F111F262B203D005AE87F /* SignupStoryboard.storyboard */,
				C622624F262AB662000030D7 /* LaunchScreen.storyboard */,
				C63F1115262AD146005AE87F /* BottomBarStoryboard.storyboard */,
				C63F113F262BA59F005AE87F /* LoginStoryboard.storyboard */,
				C63F113C262B95CD005AE87F /* PassValidationStoryBoard.storyboard */,
			);
			path = Storyboards;
			sourceTree = "<group>";
		};
		C63F114A262BC214005AE87F /* Custom Views */ = {
			isa = PBXGroup;
			children = (
				C63F110E262AD0AF005AE87F /* BottomBarView.swift */,
				C63F1122262B42AA005AE87F /* SignupTableViewCell.swift */,
				C63F1137262B9200005AE87F /* ValidationCollectionViewCell.swift */,
				C63F115D262BF0FC005AE87F /* Xibs */,
			);
			path = "Custom Views";
			sourceTree = "<group>";
		};
		C63F115C262BEFED005AE87F /* Models */ = {
			isa = PBXGroup;
			children = (
				C622625A262AB705000030D7 /* UserModel.swift */,
				C63F112A262B4D10005AE87F /* AccountInfoEntryTypeModel.swift */,
				C63F1152262BCFB3005AE87F /* ValidationModel.swift */,
			);
			path = Models;
			sourceTree = "<group>";
		};
		C63F115D262BF0FC005AE87F /* Xibs */ = {
			isa = PBXGroup;
			children = (
				C63F1123262B42AA005AE87F /* SignupTableViewCell.xib */,
				C63F1138262B9200005AE87F /* ValidationCollectionViewCell.xib */,
				C63F1142262BAA81005AE87F /* LoginTableViewCell.xib */,
			);
			path = Xibs;
			sourceTree = "<group>";
		};
		C63F115E262BF167005AE87F /* Controllers */ = {
			isa = PBXGroup;
			children = (
				C6226248262AB661000030D7 /* ViewController.swift */,
				C63F1127262B42F8005AE87F /* SignupViewController.swift */,
				C63F1131262B8220005AE87F /* BottomBarBaseViewController.swift */,
				C63F1134262B91BD005AE87F /* PassValidationCollectionViewController.swift */,
				C63F1145262BB059005AE87F /* LoginViewController.swift */,
			);
			path = Controllers;
			sourceTree = "<group>";
		};
		C63F1162262BF1ED005AE87F /* Global */ = {
			isa = PBXGroup;
			children = (
				C63F1118262AFB84005AE87F /* Helper.swift */,
				C63F114B262BC29F005AE87F /* GUIManager.swift */,
				C63F114F262BC678005AE87F /* DataManager.swift */,
			);
			path = Global;
			sourceTree = "<group>";
		};
/* End PBXGroup section */

/* Begin PBXNativeTarget section */
		C6226240262AB661000030D7 /* Alphametrica */ = {
			isa = PBXNativeTarget;
			buildConfigurationList = C6226255262AB662000030D7 /* Build configuration list for PBXNativeTarget "Alphametrica" */;
			buildPhases = (
				C622623D262AB661000030D7 /* Sources */,
				C622623E262AB661000030D7 /* Frameworks */,
				C622623F262AB661000030D7 /* Resources */,
			);
			buildRules = (
			);
			dependencies = (
			);
			name = Alphametrica;
			productName = Alphametrica;
			productReference = C6226241262AB661000030D7 /* Alphametrica.app */;
			productType = "com.apple.product-type.application";
		};
/* End PBXNativeTarget section */

/* Begin PBXProject section */
		C6226239262AB661000030D7 /* Project object */ = {
			isa = PBXProject;
			attributes = {
				LastSwiftUpdateCheck = 1240;
				LastUpgradeCheck = 1240;
				TargetAttributes = {
					C6226240262AB661000030D7 = {
						CreatedOnToolsVersion = 12.4;
					};
				};
			};
			buildConfigurationList = C622623C262AB661000030D7 /* Build configuration list for PBXProject "Alphametrica" */;
			compatibilityVersion = "Xcode 9.3";
			developmentRegion = en;
			hasScannedForEncodings = 0;
			knownRegions = (
				en,
				Base,
			);
			mainGroup = C6226238262AB661000030D7;
			productRefGroup = C6226242262AB661000030D7 /* Products */;
			projectDirPath = "";
			projectRoot = "";
			targets = (
				C6226240262AB661000030D7 /* Alphametrica */,
			);
		};
/* End PBXProject section */

/* Begin PBXResourcesBuildPhase section */
		C622623F262AB661000030D7 /* Resources */ = {
			isa = PBXResourcesBuildPhase;
			buildActionMask = 2147483647;
			files = (
				C63F1116262AD146005AE87F /* BottomBarStoryboard.storyboard in Resources */,
				C63F10E7262AC18C005AE87F /* Lato-Bold.ttf in Resources */,
				C63F113A262B9200005AE87F /* ValidationCollectionViewCell.xib in Resources */,
				C6226251262AB662000030D7 /* LaunchScreen.storyboard in Resources */,
				C63F1140262BA59F005AE87F /* LoginStoryboard.storyboard in Resources */,
				C63F10FE262AC696005AE87F /* Merriweather-Bold.ttf in Resources */,
				C63F10FC262AC696005AE87F /* Merriweather-Regular.ttf in Resources */,
				C63F113D262B95CD005AE87F /* PassValidationStoryBoard.storyboard in Resources */,
				C63F1120262B203D005AE87F /* SignupStoryboard.storyboard in Resources */,
				C622624E262AB662000030D7 /* Assets.xcassets in Resources */,
				C63F111D262B1AAD005AE87F /* Roboto-Bold.ttf in Resources */,
				C63F1125262B42AA005AE87F /* SignupTableViewCell.xib in Resources */,
				C63F1106262ACF76005AE87F /* Roboto-Regular.ttf in Resources */,
				C622624C262AB661000030D7 /* Main.storyboard in Resources */,
				C63F1143262BAA81005AE87F /* LoginTableViewCell.xib in Resources */,
				C63F10EB262AC18C005AE87F /* Lato-Regular.ttf in Resources */,
			);
			runOnlyForDeploymentPostprocessing = 0;
		};
/* End PBXResourcesBuildPhase section */

/* Begin PBXSourcesBuildPhase section */
		C622623D262AB661000030D7 /* Sources */ = {
			isa = PBXSourcesBuildPhase;
			buildActionMask = 2147483647;
			files = (
				C63F114C262BC29F005AE87F /* GUIManager.swift in Sources */,
				C63F1150262BC678005AE87F /* DataManager.swift in Sources */,
				C63F1146262BB059005AE87F /* LoginViewController.swift in Sources */,
				C63F1139262B9200005AE87F /* ValidationCollectionViewCell.swift in Sources */,
				C63F1132262B8220005AE87F /* BottomBarBaseViewController.swift in Sources */,
				C622625B262AB705000030D7 /* UserModel.swift in Sources */,
				C6226249262AB661000030D7 /* ViewController.swift in Sources */,
				C63F1135262B91BD005AE87F /* PassValidationCollectionViewController.swift in Sources */,
				C63F1128262B42F8005AE87F /* SignupViewController.swift in Sources */,
				C6226245262AB661000030D7 /* AppDelegate.swift in Sources */,
				C63F110F262AD0AF005AE87F /* BottomBarView.swift in Sources */,
				C63F112B262B4D10005AE87F /* AccountInfoEntryTypeModel.swift in Sources */,
				C63F1124262B42AA005AE87F /* SignupTableViewCell.swift in Sources */,
				C6226247262AB661000030D7 /* SceneDelegate.swift in Sources */,
				C63F1119262AFB84005AE87F /* Helper.swift in Sources */,
				C63F1153262BCFB3005AE87F /* ValidationModel.swift in Sources */,
			);
			runOnlyForDeploymentPostprocessing = 0;
		};
/* End PBXSourcesBuildPhase section */

/* Begin PBXVariantGroup section */
		C622624A262AB661000030D7 /* Main.storyboard */ = {
			isa = PBXVariantGroup;
			children = (
				C622624B262AB661000030D7 /* Base */,
			);
			name = Main.storyboard;
			sourceTree = "<group>";
		};
		C622624F262AB662000030D7 /* LaunchScreen.storyboard */ = {
			isa = PBXVariantGroup;
			children = (
				C6226250262AB662000030D7 /* Base */,
			);
			name = LaunchScreen.storyboard;
			sourceTree = "<group>";
		};
/* End PBXVariantGroup section */

/* Begin XCBuildConfiguration section */
		C6226253262AB662000030D7 /* Debug */ = {
			isa = XCBuildConfiguration;
			buildSettings = {
				ALWAYS_SEARCH_USER_PATHS = NO;
				CLANG_ANALYZER_NONNULL = YES;
				CLANG_ANALYZER_NUMBER_OBJECT_CONVERSION = YES_AGGRESSIVE;
				CLANG_CXX_LANGUAGE_STANDARD = "gnu++14";
				CLANG_CXX_LIBRARY = "libc++";
				CLANG_ENABLE_MODULES = YES;
				CLANG_ENABLE_OBJC_ARC = YES;
				CLANG_ENABLE_OBJC_WEAK = YES;
				CLANG_WARN_BLOCK_CAPTURE_AUTORELEASING = YES;
				CLANG_WARN_BOOL_CONVERSION = YES;
				CLANG_WARN_COMMA = YES;
				CLANG_WARN_CONSTANT_CONVERSION = YES;
				CLANG_WARN_DEPRECATED_OBJC_IMPLEMENTATIONS = YES;
				CLANG_WARN_DIRECT_OBJC_ISA_USAGE = YES_ERROR;
				CLANG_WARN_DOCUMENTATION_COMMENTS = YES;
				CLANG_WARN_EMPTY_BODY = YES;
				CLANG_WARN_ENUM_CONVERSION = YES;
				CLANG_WARN_INFINITE_RECURSION = YES;
				CLANG_WARN_INT_CONVERSION = YES;
				CLANG_WARN_NON_LITERAL_NULL_CONVERSION = YES;
				CLANG_WARN_OBJC_IMPLICIT_RETAIN_SELF = YES;
				CLANG_WARN_OBJC_LITERAL_CONVERSION = YES;
				CLANG_WARN_OBJC_ROOT_CLASS = YES_ERROR;
				CLANG_WARN_QUOTED_INCLUDE_IN_FRAMEWORK_HEADER = YES;
				CLANG_WARN_RANGE_LOOP_ANALYSIS = YES;
				CLANG_WARN_STRICT_PROTOTYPES = YES;
				CLANG_WARN_SUSPICIOUS_MOVE = YES;
				CLANG_WARN_UNGUARDED_AVAILABILITY = YES_AGGRESSIVE;
				CLANG_WARN_UNREACHABLE_CODE = YES;
				CLANG_WARN__DUPLICATE_METHOD_MATCH = YES;
				COPY_PHASE_STRIP = NO;
				DEBUG_INFORMATION_FORMAT = dwarf;
				ENABLE_STRICT_OBJC_MSGSEND = YES;
				ENABLE_TESTABILITY = YES;
				GCC_C_LANGUAGE_STANDARD = gnu11;
				GCC_DYNAMIC_NO_PIC = NO;
				GCC_NO_COMMON_BLOCKS = YES;
				GCC_OPTIMIZATION_LEVEL = 0;
				GCC_PREPROCESSOR_DEFINITIONS = (
					"DEBUG=1",
					"$(inherited)",
				);
				GCC_WARN_64_TO_32_BIT_CONVERSION = YES;
				GCC_WARN_ABOUT_RETURN_TYPE = YES_ERROR;
				GCC_WARN_UNDECLARED_SELECTOR = YES;
				GCC_WARN_UNINITIALIZED_AUTOS = YES_AGGRESSIVE;
				GCC_WARN_UNUSED_FUNCTION = YES;
				GCC_WARN_UNUSED_VARIABLE = YES;
				IPHONEOS_DEPLOYMENT_TARGET = 14.4;
				MTL_ENABLE_DEBUG_INFO = INCLUDE_SOURCE;
				MTL_FAST_MATH = YES;
				ONLY_ACTIVE_ARCH = YES;
				SDKROOT = iphoneos;
				SWIFT_ACTIVE_COMPILATION_CONDITIONS = DEBUG;
				SWIFT_OPTIMIZATION_LEVEL = "-Onone";
			};
			name = Debug;
		};
		C6226254262AB662000030D7 /* Release */ = {
			isa = XCBuildConfiguration;
			buildSettings = {
				ALWAYS_SEARCH_USER_PATHS = NO;
				CLANG_ANALYZER_NONNULL = YES;
				CLANG_ANALYZER_NUMBER_OBJECT_CONVERSION = YES_AGGRESSIVE;
				CLANG_CXX_LANGUAGE_STANDARD = "gnu++14";
				CLANG_CXX_LIBRARY = "libc++";
				CLANG_ENABLE_MODULES = YES;
				CLANG_ENABLE_OBJC_ARC = YES;
				CLANG_ENABLE_OBJC_WEAK = YES;
				CLANG_WARN_BLOCK_CAPTURE_AUTORELEASING = YES;
				CLANG_WARN_BOOL_CONVERSION = YES;
				CLANG_WARN_COMMA = YES;
				CLANG_WARN_CONSTANT_CONVERSION = YES;
				CLANG_WARN_DEPRECATED_OBJC_IMPLEMENTATIONS = YES;
				CLANG_WARN_DIRECT_OBJC_ISA_USAGE = YES_ERROR;
				CLANG_WARN_DOCUMENTATION_COMMENTS = YES;
				CLANG_WARN_EMPTY_BODY = YES;
				CLANG_WARN_ENUM_CONVERSION = YES;
				CLANG_WARN_INFINITE_RECURSION = YES;
				CLANG_WARN_INT_CONVERSION = YES;
				CLANG_WARN_NON_LITERAL_NULL_CONVERSION = YES;
				CLANG_WARN_OBJC_IMPLICIT_RETAIN_SELF = YES;
				CLANG_WARN_OBJC_LITERAL_CONVERSION = YES;
				CLANG_WARN_OBJC_ROOT_CLASS = YES_ERROR;
				CLANG_WARN_QUOTED_INCLUDE_IN_FRAMEWORK_HEADER = YES;
				CLANG_WARN_RANGE_LOOP_ANALYSIS = YES;
				CLANG_WARN_STRICT_PROTOTYPES = YES;
				CLANG_WARN_SUSPICIOUS_MOVE = YES;
				CLANG_WARN_UNGUARDED_AVAILABILITY = YES_AGGRESSIVE;
				CLANG_WARN_UNREACHABLE_CODE = YES;
				CLANG_WARN__DUPLICATE_METHOD_MATCH = YES;
				COPY_PHASE_STRIP = NO;
				DEBUG_INFORMATION_FORMAT = "dwarf-with-dsym";
				ENABLE_NS_ASSERTIONS = NO;
				ENABLE_STRICT_OBJC_MSGSEND = YES;
				GCC_C_LANGUAGE_STANDARD = gnu11;
				GCC_NO_COMMON_BLOCKS = YES;
				GCC_WARN_64_TO_32_BIT_CONVERSION = YES;
				GCC_WARN_ABOUT_RETURN_TYPE = YES_ERROR;
				GCC_WARN_UNDECLARED_SELECTOR = YES;
				GCC_WARN_UNINITIALIZED_AUTOS = YES_AGGRESSIVE;
				GCC_WARN_UNUSED_FUNCTION = YES;
				GCC_WARN_UNUSED_VARIABLE = YES;
				IPHONEOS_DEPLOYMENT_TARGET = 14.4;
				MTL_ENABLE_DEBUG_INFO = NO;
				MTL_FAST_MATH = YES;
				SDKROOT = iphoneos;
				SWIFT_COMPILATION_MODE = wholemodule;
				SWIFT_OPTIMIZATION_LEVEL = "-O";
				VALIDATE_PRODUCT = YES;
			};
			name = Release;
		};
		C6226256262AB662000030D7 /* Debug */ = {
			isa = XCBuildConfiguration;
			buildSettings = {
				ASSETCATALOG_COMPILER_APPICON_NAME = AppIcon;
				ASSETCATALOG_COMPILER_GLOBAL_ACCENT_COLOR_NAME = AccentColor;
				CODE_SIGN_STYLE = Automatic;
				DEVELOPMENT_TEAM = AJ7963Q2TW;
				INFOPLIST_FILE = Alphametrica/Info.plist;
				IPHONEOS_DEPLOYMENT_TARGET = 13.0;
				LD_RUNPATH_SEARCH_PATHS = (
					"$(inherited)",
					"@executable_path/Frameworks",
				);
				PRODUCT_BUNDLE_IDENTIFIER = com.kartikey.Alphametrica;
				PRODUCT_NAME = "$(TARGET_NAME)";
				SWIFT_VERSION = 5.0;
				TARGETED_DEVICE_FAMILY = "1,2";
			};
			name = Debug;
		};
		C6226257262AB662000030D7 /* Release */ = {
			isa = XCBuildConfiguration;
			buildSettings = {
				ASSETCATALOG_COMPILER_APPICON_NAME = AppIcon;
				ASSETCATALOG_COMPILER_GLOBAL_ACCENT_COLOR_NAME = AccentColor;
				CODE_SIGN_STYLE = Automatic;
				DEVELOPMENT_TEAM = AJ7963Q2TW;
				INFOPLIST_FILE = Alphametrica/Info.plist;
				IPHONEOS_DEPLOYMENT_TARGET = 13.0;
				LD_RUNPATH_SEARCH_PATHS = (
					"$(inherited)",
					"@executable_path/Frameworks",
				);
				PRODUCT_BUNDLE_IDENTIFIER = com.kartikey.Alphametrica;
				PRODUCT_NAME = "$(TARGET_NAME)";
				SWIFT_VERSION = 5.0;
				TARGETED_DEVICE_FAMILY = "1,2";
			};
			name = Release;
		};
/* End XCBuildConfiguration section */

/* Begin XCConfigurationList section */
		C622623C262AB661000030D7 /* Build configuration list for PBXProject "Alphametrica" */ = {
			isa = XCConfigurationList;
			buildConfigurations = (
				C6226253262AB662000030D7 /* Debug */,
				C6226254262AB662000030D7 /* Release */,
			);
			defaultConfigurationIsVisible = 0;
			defaultConfigurationName = Release;
		};
		C6226255262AB662000030D7 /* Build configuration list for PBXNativeTarget "Alphametrica" */ = {
			isa = XCConfigurationList;
			buildConfigurations = (
				C6226256262AB662000030D7 /* Debug */,
				C6226257262AB662000030D7 /* Release */,
			);
			defaultConfigurationIsVisible = 0;
			defaultConfigurationName = Release;
		};
/* End XCConfigurationList section */
	};
	rootObject = C6226239262AB661000030D7 /* Project object */;
}
